
Microsoft Visual Studio Solution File, Format Version 12.00
# Visual Studio Version 17
VisualStudioVersion = 17.14.36203.30
MinimumVisualStudioVersion = 10.0.40219.1
Project("{FAE04EC0-301F-11D3-BF4B-00C04F79EFBC}") = "WeatherForecastAPI", "WeatherForecastAPI\WeatherForecastAPI.csproj", "{894CCBA2-1C29-4BA9-9670-7A857B562447}"
EndProject
Project("{FAE04EC0-301F-11D3-BF4B-00C04F79EFBC}") = "WeatherForecastAPI.Tests", "WeatherForecastAPI.Tests\WeatherForecastAPI.Tests.csproj", "{3A1A173C-6DF2-4C81-BCD8-6B5E1BBB5B1C}"
EndProject
Global
	GlobalSection(SolutionConfigurationPlatforms) = preSolution
		Debug|Any CPU = Debug|Any CPU
		Release|Any CPU = Release|Any CPU
	EndGlobalSection
	GlobalSection(ProjectConfigurationPlatforms) = postSolution
		{894CCBA2-1C29-4BA9-9670-7A857B562447}.Debug|Any CPU.ActiveCfg = Debug|Any CPU
		{894CCBA2-1C29-4BA9-9670-7A857B562447}.Debug|Any CPU.Build.0 = Debug|Any CPU
		{894CCBA2-1C29-4BA9-9670-7A857B562447}.Release|Any CPU.ActiveCfg = Release|Any CPU
		{894CCBA2-1C29-4BA9-9670-7A857B562447}.Release|Any CPU.Build.0 = Release|Any CPU
		{3A1A173C-6DF2-4C81-BCD8-6B5E1BBB5B1C}.Debug|Any CPU.ActiveCfg = Debug|Any CPU
		{3A1A173C-6DF2-4C81-BCD8-6B5E1BBB5B1C}.Debug|Any CPU.Build.0 = Debug|Any CPU
		{3A1A173C-6DF2-4C81-BCD8-6B5E1BBB5B1C}.Release|Any CPU.ActiveCfg = Release|Any CPU
		{3A1A173C-6DF2-4C81-BCD8-6B5E1BBB5B1C}.Release|Any CPU.Build.0 = Release|Any CPU
	EndGlobalSection
	GlobalSection(SolutionProperties) = preSolution
		HideSolutionNode = FALSE
	EndGlobalSection
	GlobalSection(ExtensibilityGlobals) = postSolution
		SolutionGuid = {2FAB11E6-3D13-487F-8FF8-628FED1761F1}
	EndGlobalSection
EndGlobal
